// !$*UTF8*$!
{
	archiveVersion = 1;
	classes = {
	};
	objectVersion = 50;
	objects = {

/* Begin PBXBuildFile section */
		BF1E468327023D7B00C5421B /* AppDelegate.swift in Sources */ = {isa = PBXBuildFile; fileRef = BF1E468227023D7B00C5421B /* AppDelegate.swift */; };
		BF1E468527023D7B00C5421B /* SceneDelegate.swift in Sources */ = {isa = PBXBuildFile; fileRef = BF1E468427023D7B00C5421B /* SceneDelegate.swift */; };
		BF1E468727023D7B00C5421B /* ViewController.swift in Sources */ = {isa = PBXBuildFile; fileRef = BF1E468627023D7B00C5421B /* ViewController.swift */; };
		BF1E468A27023D7B00C5421B /* Main.storyboard in Resources */ = {isa = PBXBuildFile; fileRef = BF1E468827023D7B00C5421B /* Main.storyboard */; };
		BF1E468C27023D7F00C5421B /* Assets.xcassets in Resources */ = {isa = PBXBuildFile; fileRef = BF1E468B27023D7F00C5421B /* Assets.xcassets */; };
		BF1E468F27023D7F00C5421B /* LaunchScreen.storyboard in Resources */ = {isa = PBXBuildFile; fileRef = BF1E468D27023D7F00C5421B /* LaunchScreen.storyboard */; };
		BF1E469A27023D7F00C5421B /* PermissionProjectTests.swift in Sources */ = {isa = PBXBuildFile; fileRef = BF1E469927023D7F00C5421B /* PermissionProjectTests.swift */; };
		BF1E46A527023D7F00C5421B /* PermissionProjectUITests.swift in Sources */ = {isa = PBXBuildFile; fileRef = BF1E46A427023D7F00C5421B /* PermissionProjectUITests.swift */; };
		BF1E46B72702CAA900C5421B /* ActionButton.swift in Sources */ = {isa = PBXBuildFile; fileRef = BF1E46B62702CAA900C5421B /* ActionButton.swift */; };
		BF1E46BA2702E09E00C5421B /* BaseView.swift in Sources */ = {isa = PBXBuildFile; fileRef = BF1E46B92702E09E00C5421B /* BaseView.swift */; };
		BF40198627057ECA00EE07A6 /* ActionButtonData.swift in Sources */ = {isa = PBXBuildFile; fileRef = BF40198527057ECA00EE07A6 /* ActionButtonData.swift */; };
		BF40198827058C5F00EE07A6 /* ActionButtonType.swift in Sources */ = {isa = PBXBuildFile; fileRef = BF40198727058C5F00EE07A6 /* ActionButtonType.swift */; };
		BF40198B27058C8300EE07A6 /* ActionButtonTheme.swift in Sources */ = {isa = PBXBuildFile; fileRef = BF40198A27058C8300EE07A6 /* ActionButtonTheme.swift */; };
		BF853D4A2705729B00C52CFE /* FontManager.swift in Sources */ = {isa = PBXBuildFile; fileRef = BF853D492705729B00C52CFE /* FontManager.swift */; };
		BF853D4C270572BE00C52CFE /* GenericValueProtocol.swift in Sources */ = {isa = PBXBuildFile; fileRef = BF853D4B270572BE00C52CFE /* GenericValueProtocol.swift */; };
/* End PBXBuildFile section */

/* Begin PBXContainerItemProxy section */
		BF1E469627023D7F00C5421B /* PBXContainerItemProxy */ = {
			isa = PBXContainerItemProxy;
			containerPortal = BF1E467727023D7B00C5421B /* Project object */;
			proxyType = 1;
			remoteGlobalIDString = BF1E467E27023D7B00C5421B;
			remoteInfo = PermissionProject;
		};
		BF1E46A127023D7F00C5421B /* PBXContainerItemProxy */ = {
			isa = PBXContainerItemProxy;
			containerPortal = BF1E467727023D7B00C5421B /* Project object */;
			proxyType = 1;
			remoteGlobalIDString = BF1E467E27023D7B00C5421B;
			remoteInfo = PermissionProject;
		};
/* End PBXContainerItemProxy section */

/* Begin PBXFileReference section */
		BF1E467F27023D7B00C5421B /* PermissionProject.app */ = {isa = PBXFileReference; explicitFileType = wrapper.application; includeInIndex = 0; path = PermissionProject.app; sourceTree = BUILT_PRODUCTS_DIR; };
		BF1E468227023D7B00C5421B /* AppDelegate.swift */ = {isa = PBXFileReference; lastKnownFileType = sourcecode.swift; path = AppDelegate.swift; sourceTree = "<group>"; };
		BF1E468427023D7B00C5421B /* SceneDelegate.swift */ = {isa = PBXFileReference; lastKnownFileType = sourcecode.swift; path = SceneDelegate.swift; sourceTree = "<group>"; };
		BF1E468627023D7B00C5421B /* ViewController.swift */ = {isa = PBXFileReference; lastKnownFileType = sourcecode.swift; path = ViewController.swift; sourceTree = "<group>"; };
		BF1E468927023D7B00C5421B /* Base */ = {isa = PBXFileReference; lastKnownFileType = file.storyboard; name = Base; path = Base.lproj/Main.storyboard; sourceTree = "<group>"; };
		BF1E468B27023D7F00C5421B /* Assets.xcassets */ = {isa = PBXFileReference; lastKnownFileType = folder.assetcatalog; path = Assets.xcassets; sourceTree = "<group>"; };
		BF1E468E27023D7F00C5421B /* Base */ = {isa = PBXFileReference; lastKnownFileType = file.storyboard; name = Base; path = Base.lproj/LaunchScreen.storyboard; sourceTree = "<group>"; };
		BF1E469027023D7F00C5421B /* Info.plist */ = {isa = PBXFileReference; lastKnownFileType = text.plist.xml; path = Info.plist; sourceTree = "<group>"; };
		BF1E469527023D7F00C5421B /* PermissionProjectTests.xctest */ = {isa = PBXFileReference; explicitFileType = wrapper.cfbundle; includeInIndex = 0; path = PermissionProjectTests.xctest; sourceTree = BUILT_PRODUCTS_DIR; };
		BF1E469927023D7F00C5421B /* PermissionProjectTests.swift */ = {isa = PBXFileReference; lastKnownFileType = sourcecode.swift; path = PermissionProjectTests.swift; sourceTree = "<group>"; };
		BF1E469B27023D7F00C5421B /* Info.plist */ = {isa = PBXFileReference; lastKnownFileType = text.plist.xml; path = Info.plist; sourceTree = "<group>"; };
		BF1E46A027023D7F00C5421B /* PermissionProjectUITests.xctest */ = {isa = PBXFileReference; explicitFileType = wrapper.cfbundle; includeInIndex = 0; path = PermissionProjectUITests.xctest; sourceTree = BUILT_PRODUCTS_DIR; };
		BF1E46A427023D7F00C5421B /* PermissionProjectUITests.swift */ = {isa = PBXFileReference; lastKnownFileType = sourcecode.swift; path = PermissionProjectUITests.swift; sourceTree = "<group>"; };
		BF1E46A627023D7F00C5421B /* Info.plist */ = {isa = PBXFileReference; lastKnownFileType = text.plist.xml; path = Info.plist; sourceTree = "<group>"; };
		BF1E46B62702CAA900C5421B /* ActionButton.swift */ = {isa = PBXFileReference; lastKnownFileType = sourcecode.swift; path = ActionButton.swift; sourceTree = "<group>"; };
		BF1E46B92702E09E00C5421B /* BaseView.swift */ = {isa = PBXFileReference; lastKnownFileType = sourcecode.swift; path = BaseView.swift; sourceTree = "<group>"; };
		BF40198527057ECA00EE07A6 /* ActionButtonData.swift */ = {isa = PBXFileReference; lastKnownFileType = sourcecode.swift; path = ActionButtonData.swift; sourceTree = "<group>"; };
		BF40198727058C5F00EE07A6 /* ActionButtonType.swift */ = {isa = PBXFileReference; lastKnownFileType = sourcecode.swift; path = ActionButtonType.swift; sourceTree = "<group>"; };
		BF40198A27058C8300EE07A6 /* ActionButtonTheme.swift */ = {isa = PBXFileReference; lastKnownFileType = sourcecode.swift; path = ActionButtonTheme.swift; sourceTree = "<group>"; };
		BF853D492705729B00C52CFE /* FontManager.swift */ = {isa = PBXFileReference; lastKnownFileType = sourcecode.swift; path = FontManager.swift; sourceTree = "<group>"; };
		BF853D4B270572BE00C52CFE /* GenericValueProtocol.swift */ = {isa = PBXFileReference; lastKnownFileType = sourcecode.swift; path = GenericValueProtocol.swift; sourceTree = "<group>"; };
/* End PBXFileReference section */

/* Begin PBXFrameworksBuildPhase section */
		BF1E467C27023D7B00C5421B /* Frameworks */ = {
			isa = PBXFrameworksBuildPhase;
			buildActionMask = 2147483647;
			files = (
			);
			runOnlyForDeploymentPostprocessing = 0;
		};
		BF1E469227023D7F00C5421B /* Frameworks */ = {
			isa = PBXFrameworksBuildPhase;
			buildActionMask = 2147483647;
			files = (
			);
			runOnlyForDeploymentPostprocessing = 0;
		};
		BF1E469D27023D7F00C5421B /* Frameworks */ = {
			isa = PBXFrameworksBuildPhase;
			buildActionMask = 2147483647;
			files = (
			);
			runOnlyForDeploymentPostprocessing = 0;
		};
/* End PBXFrameworksBuildPhase section */

/* Begin PBXGroup section */
		BF1E467627023D7B00C5421B = {
			isa = PBXGroup;
			children = (
				BF1E468127023D7B00C5421B /* PermissionProject */,
				BF1E469827023D7F00C5421B /* PermissionProjectTests */,
				BF1E46A327023D7F00C5421B /* PermissionProjectUITests */,
				BF1E468027023D7B00C5421B /* Products */,
			);
			sourceTree = "<group>";
		};
		BF1E468027023D7B00C5421B /* Products */ = {
			isa = PBXGroup;
			children = (
				BF1E467F27023D7B00C5421B /* PermissionProject.app */,
				BF1E469527023D7F00C5421B /* PermissionProjectTests.xctest */,
				BF1E46A027023D7F00C5421B /* PermissionProjectUITests.xctest */,
			);
			name = Products;
			sourceTree = "<group>";
		};
		BF1E468127023D7B00C5421B /* PermissionProject */ = {
			isa = PBXGroup;
			children = (
				BF853D482705727C00C52CFE /* Utils */,
				BF1E46B82702E07F00C5421B /* BaseComponent */,
				BF1E46B42702CA5D00C5421B /* Componets */,
				BF1E468227023D7B00C5421B /* AppDelegate.swift */,
				BF1E468427023D7B00C5421B /* SceneDelegate.swift */,
				BF1E468627023D7B00C5421B /* ViewController.swift */,
				BF1E468827023D7B00C5421B /* Main.storyboard */,
				BF1E468B27023D7F00C5421B /* Assets.xcassets */,
				BF1E468D27023D7F00C5421B /* LaunchScreen.storyboard */,
				BF1E469027023D7F00C5421B /* Info.plist */,
			);
			path = PermissionProject;
			sourceTree = "<group>";
		};
		BF1E469827023D7F00C5421B /* PermissionProjectTests */ = {
			isa = PBXGroup;
			children = (
				BF1E469927023D7F00C5421B /* PermissionProjectTests.swift */,
				BF1E469B27023D7F00C5421B /* Info.plist */,
			);
			path = PermissionProjectTests;
			sourceTree = "<group>";
		};
		BF1E46A327023D7F00C5421B /* PermissionProjectUITests */ = {
			isa = PBXGroup;
			children = (
				BF1E46A427023D7F00C5421B /* PermissionProjectUITests.swift */,
				BF1E46A627023D7F00C5421B /* Info.plist */,
			);
			path = PermissionProjectUITests;
			sourceTree = "<group>";
		};
		BF1E46B42702CA5D00C5421B /* Componets */ = {
			isa = PBXGroup;
			children = (
				BF1E46B52702CA6700C5421B /* ActionButtonComponent */,
			);
			path = Componets;
			sourceTree = "<group>";
		};
		BF1E46B52702CA6700C5421B /* ActionButtonComponent */ = {
			isa = PBXGroup;
			children = (
				BF1E46B62702CAA900C5421B /* ActionButton.swift */,
				BF40198527057ECA00EE07A6 /* ActionButtonData.swift */,
				BF40198727058C5F00EE07A6 /* ActionButtonType.swift */,
				BF40198A27058C8300EE07A6 /* ActionButtonTheme.swift */,
			);
			path = ActionButtonComponent;
			sourceTree = "<group>";
		};
		BF1E46B82702E07F00C5421B /* BaseComponent */ = {
			isa = PBXGroup;
			children = (
				BF1E46B92702E09E00C5421B /* BaseView.swift */,
			);
			path = BaseComponent;
			sourceTree = "<group>";
		};
		BF853D482705727C00C52CFE /* Utils */ = {
			isa = PBXGroup;
			children = (
				BF853D492705729B00C52CFE /* FontManager.swift */,
				BF853D4B270572BE00C52CFE /* GenericValueProtocol.swift */,
			);
			path = Utils;
			sourceTree = "<group>";
		};
/* End PBXGroup section */

/* Begin PBXNativeTarget section */
		BF1E467E27023D7B00C5421B /* PermissionProject */ = {
			isa = PBXNativeTarget;
			buildConfigurationList = BF1E46A927023D7F00C5421B /* Build configuration list for PBXNativeTarget "PermissionProject" */;
			buildPhases = (
				BF1E467B27023D7B00C5421B /* Sources */,
				BF1E467C27023D7B00C5421B /* Frameworks */,
				BF1E467D27023D7B00C5421B /* Resources */,
			);
			buildRules = (
			);
			dependencies = (
			);
			name = PermissionProject;
			productName = PermissionProject;
			productReference = BF1E467F27023D7B00C5421B /* PermissionProject.app */;
			productType = "com.apple.product-type.application";
		};
		BF1E469427023D7F00C5421B /* PermissionProjectTests */ = {
			isa = PBXNativeTarget;
			buildConfigurationList = BF1E46AC27023D7F00C5421B /* Build configuration list for PBXNativeTarget "PermissionProjectTests" */;
			buildPhases = (
				BF1E469127023D7F00C5421B /* Sources */,
				BF1E469227023D7F00C5421B /* Frameworks */,
				BF1E469327023D7F00C5421B /* Resources */,
			);
			buildRules = (
			);
			dependencies = (
				BF1E469727023D7F00C5421B /* PBXTargetDependency */,
			);
			name = PermissionProjectTests;
			productName = PermissionProjectTests;
			productReference = BF1E469527023D7F00C5421B /* PermissionProjectTests.xctest */;
			productType = "com.apple.product-type.bundle.unit-test";
		};
		BF1E469F27023D7F00C5421B /* PermissionProjectUITests */ = {
			isa = PBXNativeTarget;
			buildConfigurationList = BF1E46AF27023D7F00C5421B /* Build configuration list for PBXNativeTarget "PermissionProjectUITests" */;
			buildPhases = (
				BF1E469C27023D7F00C5421B /* Sources */,
				BF1E469D27023D7F00C5421B /* Frameworks */,
				BF1E469E27023D7F00C5421B /* Resources */,
			);
			buildRules = (
			);
			dependencies = (
				BF1E46A227023D7F00C5421B /* PBXTargetDependency */,
			);
			name = PermissionProjectUITests;
			productName = PermissionProjectUITests;
			productReference = BF1E46A027023D7F00C5421B /* PermissionProjectUITests.xctest */;
			productType = "com.apple.product-type.bundle.ui-testing";
		};
/* End PBXNativeTarget section */

/* Begin PBXProject section */
		BF1E467727023D7B00C5421B /* Project object */ = {
			isa = PBXProject;
			attributes = {
				LastSwiftUpdateCheck = 1250;
				LastUpgradeCheck = 1250;
				TargetAttributes = {
					BF1E467E27023D7B00C5421B = {
						CreatedOnToolsVersion = 12.5;
					};
					BF1E469427023D7F00C5421B = {
						CreatedOnToolsVersion = 12.5;
						TestTargetID = BF1E467E27023D7B00C5421B;
					};
					BF1E469F27023D7F00C5421B = {
						CreatedOnToolsVersion = 12.5;
						TestTargetID = BF1E467E27023D7B00C5421B;
					};
				};
			};
			buildConfigurationList = BF1E467A27023D7B00C5421B /* Build configuration list for PBXProject "PermissionProject" */;
			compatibilityVersion = "Xcode 9.3";
			developmentRegion = en;
			hasScannedForEncodings = 0;
			knownRegions = (
				en,
				Base,
			);
			mainGroup = BF1E467627023D7B00C5421B;
			productRefGroup = BF1E468027023D7B00C5421B /* Products */;
			projectDirPath = "";
			projectRoot = "";
			targets = (
				BF1E467E27023D7B00C5421B /* PermissionProject */,
				BF1E469427023D7F00C5421B /* PermissionProjectTests */,
				BF1E469F27023D7F00C5421B /* PermissionProjectUITests */,
			);
		};
/* End PBXProject section */

/* Begin PBXResourcesBuildPhase section */
		BF1E467D27023D7B00C5421B /* Resources */ = {
			isa = PBXResourcesBuildPhase;
			buildActionMask = 2147483647;
			files = (
				BF1E468F27023D7F00C5421B /* LaunchScreen.storyboard in Resources */,
				BF1E468C27023D7F00C5421B /* Assets.xcassets in Resources */,
				BF1E468A27023D7B00C5421B /* Main.storyboard in Resources */,
			);
			runOnlyForDeploymentPostprocessing = 0;
		};
		BF1E469327023D7F00C5421B /* Resources */ = {
			isa = PBXResourcesBuildPhase;
			buildActionMask = 2147483647;
			files = (
			);
			runOnlyForDeploymentPostprocessing = 0;
		};
		BF1E469E27023D7F00C5421B /* Resources */ = {
			isa = PBXResourcesBuildPhase;
			buildActionMask = 2147483647;
			files = (
			);
			runOnlyForDeploymentPostprocessing = 0;
		};
/* End PBXResourcesBuildPhase section */

/* Begin PBXSourcesBuildPhase section */
		BF1E467B27023D7B00C5421B /* Sources */ = {
			isa = PBXSourcesBuildPhase;
			buildActionMask = 2147483647;
			files = (
				BF1E468727023D7B00C5421B /* ViewController.swift in Sources */,
				BF40198B27058C8300EE07A6 /* ActionButtonTheme.swift in Sources */,
				BF1E468327023D7B00C5421B /* AppDelegate.swift in Sources */,
				BF40198827058C5F00EE07A6 /* ActionButtonType.swift in Sources */,
				BF1E46BA2702E09E00C5421B /* BaseView.swift in Sources */,
				BF1E468527023D7B00C5421B /* SceneDelegate.swift in Sources */,
				BF853D4A2705729B00C52CFE /* FontManager.swift in Sources */,
				BF40198627057ECA00EE07A6 /* ActionButtonData.swift in Sources */,
				BF1E46B72702CAA900C5421B /* ActionButton.swift in Sources */,
				BF853D4C270572BE00C52CFE /* GenericValueProtocol.swift in Sources */,
			);
			runOnlyForDeploymentPostprocessing = 0;
		};
		BF1E469127023D7F00C5421B /* Sources */ = {
			isa = PBXSourcesBuildPhase;
			buildActionMask = 2147483647;
			files = (
				BF1E469A27023D7F00C5421B /* PermissionProjectTests.swift in Sources */,
			);
			runOnlyForDeploymentPostprocessing = 0;
		};
		BF1E469C27023D7F00C5421B /* Sources */ = {
			isa = PBXSourcesBuildPhase;
			buildActionMask = 2147483647;
			files = (
				BF1E46A527023D7F00C5421B /* PermissionProjectUITests.swift in Sources */,
			);
			runOnlyForDeploymentPostprocessing = 0;
		};
/* End PBXSourcesBuildPhase section */

/* Begin PBXTargetDependency section */
		BF1E469727023D7F00C5421B /* PBXTargetDependency */ = {
			isa = PBXTargetDependency;
			target = BF1E467E27023D7B00C5421B /* PermissionProject */;
			targetProxy = BF1E469627023D7F00C5421B /* PBXContainerItemProxy */;
		};
		BF1E46A227023D7F00C5421B /* PBXTargetDependency */ = {
			isa = PBXTargetDependency;
			target = BF1E467E27023D7B00C5421B /* PermissionProject */;
			targetProxy = BF1E46A127023D7F00C5421B /* PBXContainerItemProxy */;
		};
/* End PBXTargetDependency section */

/* Begin PBXVariantGroup section */
		BF1E468827023D7B00C5421B /* Main.storyboard */ = {
			isa = PBXVariantGroup;
			children = (
				BF1E468927023D7B00C5421B /* Base */,
			);
			name = Main.storyboard;
			sourceTree = "<group>";
		};
		BF1E468D27023D7F00C5421B /* LaunchScreen.storyboard */ = {
			isa = PBXVariantGroup;
			children = (
				BF1E468E27023D7F00C5421B /* Base */,
			);
			name = LaunchScreen.storyboard;
			sourceTree = "<group>";
		};
/* End PBXVariantGroup section */

/* Begin XCBuildConfiguration section */
		BF1E46A727023D7F00C5421B /* Debug */ = {
			isa = XCBuildConfiguration;
			buildSettings = {
				ALWAYS_SEARCH_USER_PATHS = NO;
				CLANG_ANALYZER_NONNULL = YES;
				CLANG_ANALYZER_NUMBER_OBJECT_CONVERSION = YES_AGGRESSIVE;
				CLANG_CXX_LANGUAGE_STANDARD = "gnu++14";
				CLANG_CXX_LIBRARY = "libc++";
				CLANG_ENABLE_MODULES = YES;
				CLANG_ENABLE_OBJC_ARC = YES;
				CLANG_ENABLE_OBJC_WEAK = YES;
				CLANG_WARN_BLOCK_CAPTURE_AUTORELEASING = YES;
				CLANG_WARN_BOOL_CONVERSION = YES;
				CLANG_WARN_COMMA = YES;
				CLANG_WARN_CONSTANT_CONVERSION = YES;
				CLANG_WARN_DEPRECATED_OBJC_IMPLEMENTATIONS = YES;
				CLANG_WARN_DIRECT_OBJC_ISA_USAGE = YES_ERROR;
				CLANG_WARN_DOCUMENTATION_COMMENTS = YES;
				CLANG_WARN_EMPTY_BODY = YES;
				CLANG_WARN_ENUM_CONVERSION = YES;
				CLANG_WARN_INFINITE_RECURSION = YES;
				CLANG_WARN_INT_CONVERSION = YES;
				CLANG_WARN_NON_LITERAL_NULL_CONVERSION = YES;
				CLANG_WARN_OBJC_IMPLICIT_RETAIN_SELF = YES;
				CLANG_WARN_OBJC_LITERAL_CONVERSION = YES;
				CLANG_WARN_OBJC_ROOT_CLASS = YES_ERROR;
				CLANG_WARN_QUOTED_INCLUDE_IN_FRAMEWORK_HEADER = YES;
				CLANG_WARN_RANGE_LOOP_ANALYSIS = YES;
				CLANG_WARN_STRICT_PROTOTYPES = YES;
				CLANG_WARN_SUSPICIOUS_MOVE = YES;
				CLANG_WARN_UNGUARDED_AVAILABILITY = YES_AGGRESSIVE;
				CLANG_WARN_UNREACHABLE_CODE = YES;
				CLANG_WARN__DUPLICATE_METHOD_MATCH = YES;
				COPY_PHASE_STRIP = NO;
				DEBUG_INFORMATION_FORMAT = dwarf;
				ENABLE_STRICT_OBJC_MSGSEND = YES;
				ENABLE_TESTABILITY = YES;
				GCC_C_LANGUAGE_STANDARD = gnu11;
				GCC_DYNAMIC_NO_PIC = NO;
				GCC_NO_COMMON_BLOCKS = YES;
				GCC_OPTIMIZATION_LEVEL = 0;
				GCC_PREPROCESSOR_DEFINITIONS = (
					"DEBUG=1",
					"$(inherited)",
				);
				GCC_WARN_64_TO_32_BIT_CONVERSION = YES;
				GCC_WARN_ABOUT_RETURN_TYPE = YES_ERROR;
				GCC_WARN_UNDECLARED_SELECTOR = YES;
				GCC_WARN_UNINITIALIZED_AUTOS = YES_AGGRESSIVE;
				GCC_WARN_UNUSED_FUNCTION = YES;
				GCC_WARN_UNUSED_VARIABLE = YES;
				IPHONEOS_DEPLOYMENT_TARGET = 14.5;
				MTL_ENABLE_DEBUG_INFO = INCLUDE_SOURCE;
				MTL_FAST_MATH = YES;
				ONLY_ACTIVE_ARCH = YES;
				SDKROOT = iphoneos;
				SWIFT_ACTIVE_COMPILATION_CONDITIONS = DEBUG;
				SWIFT_OPTIMIZATION_LEVEL = "-Onone";
			};
			name = Debug;
		};
		BF1E46A827023D7F00C5421B /* Release */ = {
			isa = XCBuildConfiguration;
			buildSettings = {
				ALWAYS_SEARCH_USER_PATHS = NO;
				CLANG_ANALYZER_NONNULL = YES;
				CLANG_ANALYZER_NUMBER_OBJECT_CONVERSION = YES_AGGRESSIVE;
				CLANG_CXX_LANGUAGE_STANDARD = "gnu++14";
				CLANG_CXX_LIBRARY = "libc++";
				CLANG_ENABLE_MODULES = YES;
				CLANG_ENABLE_OBJC_ARC = YES;
				CLANG_ENABLE_OBJC_WEAK = YES;
				CLANG_WARN_BLOCK_CAPTURE_AUTORELEASING = YES;
				CLANG_WARN_BOOL_CONVERSION = YES;
				CLANG_WARN_COMMA = YES;
				CLANG_WARN_CONSTANT_CONVERSION = YES;
				CLANG_WARN_DEPRECATED_OBJC_IMPLEMENTATIONS = YES;
				CLANG_WARN_DIRECT_OBJC_ISA_USAGE = YES_ERROR;
				CLANG_WARN_DOCUMENTATION_COMMENTS = YES;
				CLANG_WARN_EMPTY_BODY = YES;
				CLANG_WARN_ENUM_CONVERSION = YES;
				CLANG_WARN_INFINITE_RECURSION = YES;
				CLANG_WARN_INT_CONVERSION = YES;
				CLANG_WARN_NON_LITERAL_NULL_CONVERSION = YES;
				CLANG_WARN_OBJC_IMPLICIT_RETAIN_SELF = YES;
				CLANG_WARN_OBJC_LITERAL_CONVERSION = YES;
				CLANG_WARN_OBJC_ROOT_CLASS = YES_ERROR;
				CLANG_WARN_QUOTED_INCLUDE_IN_FRAMEWORK_HEADER = YES;
				CLANG_WARN_RANGE_LOOP_ANALYSIS = YES;
				CLANG_WARN_STRICT_PROTOTYPES = YES;
				CLANG_WARN_SUSPICIOUS_MOVE = YES;
				CLANG_WARN_UNGUARDED_AVAILABILITY = YES_AGGRESSIVE;
				CLANG_WARN_UNREACHABLE_CODE = YES;
				CLANG_WARN__DUPLICATE_METHOD_MATCH = YES;
				COPY_PHASE_STRIP = NO;
				DEBUG_INFORMATION_FORMAT = "dwarf-with-dsym";
				ENABLE_NS_ASSERTIONS = NO;
				ENABLE_STRICT_OBJC_MSGSEND = YES;
				GCC_C_LANGUAGE_STANDARD = gnu11;
				GCC_NO_COMMON_BLOCKS = YES;
				GCC_WARN_64_TO_32_BIT_CONVERSION = YES;
				GCC_WARN_ABOUT_RETURN_TYPE = YES_ERROR;
				GCC_WARN_UNDECLARED_SELECTOR = YES;
				GCC_WARN_UNINITIALIZED_AUTOS = YES_AGGRESSIVE;
				GCC_WARN_UNUSED_FUNCTION = YES;
				GCC_WARN_UNUSED_VARIABLE = YES;
				IPHONEOS_DEPLOYMENT_TARGET = 14.5;
				MTL_ENABLE_DEBUG_INFO = NO;
				MTL_FAST_MATH = YES;
				SDKROOT = iphoneos;
				SWIFT_COMPILATION_MODE = wholemodule;
				SWIFT_OPTIMIZATION_LEVEL = "-O";
				VALIDATE_PRODUCT = YES;
			};
			name = Release;
		};
		BF1E46AA27023D7F00C5421B /* Debug */ = {
			isa = XCBuildConfiguration;
			buildSettings = {
				ASSETCATALOG_COMPILER_APPICON_NAME = AppIcon;
				ASSETCATALOG_COMPILER_GLOBAL_ACCENT_COLOR_NAME = AccentColor;
				CODE_SIGN_STYLE = Automatic;
				INFOPLIST_FILE = PermissionProject/Info.plist;
				LD_RUNPATH_SEARCH_PATHS = (
					"$(inherited)",
					"@executable_path/Frameworks",
				);
				PRODUCT_BUNDLE_IDENTIFIER = metin.PermissionProject;
				PRODUCT_NAME = "$(TARGET_NAME)";
				SWIFT_VERSION = 5.0;
				TARGETED_DEVICE_FAMILY = "1,2";
			};
			name = Debug;
		};
		BF1E46AB27023D7F00C5421B /* Release */ = {
			isa = XCBuildConfiguration;
			buildSettings = {
				ASSETCATALOG_COMPILER_APPICON_NAME = AppIcon;
				ASSETCATALOG_COMPILER_GLOBAL_ACCENT_COLOR_NAME = AccentColor;
				CODE_SIGN_STYLE = Automatic;
				INFOPLIST_FILE = PermissionProject/Info.plist;
				LD_RUNPATH_SEARCH_PATHS = (
					"$(inherited)",
					"@executable_path/Frameworks",
				);
				PRODUCT_BUNDLE_IDENTIFIER = metin.PermissionProject;
				PRODUCT_NAME = "$(TARGET_NAME)";
				SWIFT_VERSION = 5.0;
				TARGETED_DEVICE_FAMILY = "1,2";
			};
			name = Release;
		};
		BF1E46AD27023D7F00C5421B /* Debug */ = {
			isa = XCBuildConfiguration;
			buildSettings = {
				ALWAYS_EMBED_SWIFT_STANDARD_LIBRARIES = YES;
				BUNDLE_LOADER = "$(TEST_HOST)";
				CODE_SIGN_STYLE = Automatic;
				INFOPLIST_FILE = PermissionProjectTests/Info.plist;
				IPHONEOS_DEPLOYMENT_TARGET = 14.5;
				LD_RUNPATH_SEARCH_PATHS = (
					"$(inherited)",
					"@executable_path/Frameworks",
					"@loader_path/Frameworks",
				);
				PRODUCT_BUNDLE_IDENTIFIER = metin.PermissionProjectTests;
				PRODUCT_NAME = "$(TARGET_NAME)";
				SWIFT_VERSION = 5.0;
				TARGETED_DEVICE_FAMILY = "1,2";
				TEST_HOST = "$(BUILT_PRODUCTS_DIR)/PermissionProject.app/PermissionProject";
			};
			name = Debug;
		};
		BF1E46AE27023D7F00C5421B /* Release */ = {
			isa = XCBuildConfiguration;
			buildSettings = {
				ALWAYS_EMBED_SWIFT_STANDARD_LIBRARIES = YES;
				BUNDLE_LOADER = "$(TEST_HOST)";
				CODE_SIGN_STYLE = Automatic;
				INFOPLIST_FILE = PermissionProjectTests/Info.plist;
				IPHONEOS_DEPLOYMENT_TARGET = 14.5;
				LD_RUNPATH_SEARCH_PATHS = (
					"$(inherited)",
					"@executable_path/Frameworks",
					"@loader_path/Frameworks",
				);
				PRODUCT_BUNDLE_IDENTIFIER = metin.PermissionProjectTests;
				PRODUCT_NAME = "$(TARGET_NAME)";
				SWIFT_VERSION = 5.0;
				TARGETED_DEVICE_FAMILY = "1,2";
				TEST_HOST = "$(BUILT_PRODUCTS_DIR)/PermissionProject.app/PermissionProject";
			};
			name = Release;
		};
		BF1E46B027023D7F00C5421B /* Debug */ = {
			isa = XCBuildConfiguration;
			buildSettings = {
				ALWAYS_EMBED_SWIFT_STANDARD_LIBRARIES = YES;
				CODE_SIGN_STYLE = Automatic;
				INFOPLIST_FILE = PermissionProjectUITests/Info.plist;
				LD_RUNPATH_SEARCH_PATHS = (
					"$(inherited)",
					"@executable_path/Frameworks",
					"@loader_path/Frameworks",
				);
				PRODUCT_BUNDLE_IDENTIFIER = metin.PermissionProjectUITests;
				PRODUCT_NAME = "$(TARGET_NAME)";
				SWIFT_VERSION = 5.0;
				TARGETED_DEVICE_FAMILY = "1,2";
				TEST_TARGET_NAME = PermissionProject;
			};
			name = Debug;
		};
		BF1E46B127023D7F00C5421B /* Release */ = {
			isa = XCBuildConfiguration;
			buildSettings = {
				ALWAYS_EMBED_SWIFT_STANDARD_LIBRARIES = YES;
				CODE_SIGN_STYLE = Automatic;
				INFOPLIST_FILE = PermissionProjectUITests/Info.plist;
				LD_RUNPATH_SEARCH_PATHS = (
					"$(inherited)",
					"@executable_path/Frameworks",
					"@loader_path/Frameworks",
				);
				PRODUCT_BUNDLE_IDENTIFIER = metin.PermissionProjectUITests;
				PRODUCT_NAME = "$(TARGET_NAME)";
				SWIFT_VERSION = 5.0;
				TARGETED_DEVICE_FAMILY = "1,2";
				TEST_TARGET_NAME = PermissionProject;
			};
			name = Release;
		};
/* End XCBuildConfiguration section */

/* Begin XCConfigurationList section */
		BF1E467A27023D7B00C5421B /* Build configuration list for PBXProject "PermissionProject" */ = {
			isa = XCConfigurationList;
			buildConfigurations = (
				BF1E46A727023D7F00C5421B /* Debug */,
				BF1E46A827023D7F00C5421B /* Release */,
			);
			defaultConfigurationIsVisible = 0;
			defaultConfigurationName = Release;
		};
		BF1E46A927023D7F00C5421B /* Build configuration list for PBXNativeTarget "PermissionProject" */ = {
			isa = XCConfigurationList;
			buildConfigurations = (
				BF1E46AA27023D7F00C5421B /* Debug */,
				BF1E46AB27023D7F00C5421B /* Release */,
			);
			defaultConfigurationIsVisible = 0;
			defaultConfigurationName = Release;
		};
		BF1E46AC27023D7F00C5421B /* Build configuration list for PBXNativeTarget "PermissionProjectTests" */ = {
			isa = XCConfigurationList;
			buildConfigurations = (
				BF1E46AD27023D7F00C5421B /* Debug */,
				BF1E46AE27023D7F00C5421B /* Release */,
			);
			defaultConfigurationIsVisible = 0;
			defaultConfigurationName = Release;
		};
		BF1E46AF27023D7F00C5421B /* Build configuration list for PBXNativeTarget "PermissionProjectUITests" */ = {
			isa = XCConfigurationList;
			buildConfigurations = (
				BF1E46B027023D7F00C5421B /* Debug */,
				BF1E46B127023D7F00C5421B /* Release */,
			);
			defaultConfigurationIsVisible = 0;
			defaultConfigurationName = Release;
		};
/* End XCConfigurationList section */
	};
	rootObject = BF1E467727023D7B00C5421B /* Project object */;
}
